// !$*UTF8*$!
{
	archiveVersion = 1;
	classes = {
	};
	objectVersion = 50;
	objects = {

/* Begin PBXBuildFile section */
		C8984D922209D9BD0019B2CB /* AppDelegate.swift in Sources */ = {isa = PBXBuildFile; fileRef = C8984D912209D9BD0019B2CB /* AppDelegate.swift */; };
		C8984D972209D9BD0019B2CB /* Main.storyboard in Resources */ = {isa = PBXBuildFile; fileRef = C8984D952209D9BD0019B2CB /* Main.storyboard */; };
		C8984D992209D9BF0019B2CB /* Assets.xcassets in Resources */ = {isa = PBXBuildFile; fileRef = C8984D982209D9BF0019B2CB /* Assets.xcassets */; };
		C8984D9C2209D9BF0019B2CB /* LaunchScreen.storyboard in Resources */ = {isa = PBXBuildFile; fileRef = C8984D9A2209D9BF0019B2CB /* LaunchScreen.storyboard */; };
		C8984DA42209DBDD0019B2CB /* Registration.swift in Sources */ = {isa = PBXBuildFile; fileRef = C8984DA32209DBDD0019B2CB /* Registration.swift */; };
		C8984DA82209EBAC0019B2CB /* RegistrationTableViewController.swift in Sources */ = {isa = PBXBuildFile; fileRef = C8984DA72209EBAC0019B2CB /* RegistrationTableViewController.swift */; };
		C8984DAA220A23B50019B2CB /* RoomTableViewController.swift in Sources */ = {isa = PBXBuildFile; fileRef = C8984DA9220A23B50019B2CB /* RoomTableViewController.swift */; };
		C8984DB1220A260F0019B2CB /* TableViewCellRoomTableViewCell.swift in Sources */ = {isa = PBXBuildFile; fileRef = C8984DB0220A260F0019B2CB /* TableViewCellRoomTableViewCell.swift */; };
/* End PBXBuildFile section */

/* Begin PBXFileReference section */
		C8984D8E2209D9BD0019B2CB /* HotelManzana.app */ = {isa = PBXFileReference; explicitFileType = wrapper.application; includeInIndex = 0; path = HotelManzana.app; sourceTree = BUILT_PRODUCTS_DIR; };
		C8984D912209D9BD0019B2CB /* AppDelegate.swift */ = {isa = PBXFileReference; lastKnownFileType = sourcecode.swift; path = AppDelegate.swift; sourceTree = "<group>"; };
		C8984D962209D9BD0019B2CB /* Base */ = {isa = PBXFileReference; lastKnownFileType = file.storyboard; name = Base; path = Base.lproj/Main.storyboard; sourceTree = "<group>"; };
		C8984D982209D9BF0019B2CB /* Assets.xcassets */ = {isa = PBXFileReference; lastKnownFileType = folder.assetcatalog; path = Assets.xcassets; sourceTree = "<group>"; };
		C8984D9B2209D9BF0019B2CB /* Base */ = {isa = PBXFileReference; lastKnownFileType = file.storyboard; name = Base; path = Base.lproj/LaunchScreen.storyboard; sourceTree = "<group>"; };
		C8984D9D2209D9BF0019B2CB /* Info.plist */ = {isa = PBXFileReference; lastKnownFileType = text.plist.xml; path = Info.plist; sourceTree = "<group>"; };
		C8984DA32209DBDD0019B2CB /* Registration.swift */ = {isa = PBXFileReference; lastKnownFileType = sourcecode.swift; path = Registration.swift; sourceTree = "<group>"; };
		C8984DA72209EBAC0019B2CB /* RegistrationTableViewController.swift */ = {isa = PBXFileReference; lastKnownFileType = sourcecode.swift; path = RegistrationTableViewController.swift; sourceTree = "<group>"; };
		C8984DA9220A23B50019B2CB /* RoomTableViewController.swift */ = {isa = PBXFileReference; lastKnownFileType = sourcecode.swift; path = RoomTableViewController.swift; sourceTree = "<group>"; };
		C8984DB0220A260F0019B2CB /* TableViewCellRoomTableViewCell.swift */ = {isa = PBXFileReference; lastKnownFileType = sourcecode.swift; path = TableViewCellRoomTableViewCell.swift; sourceTree = "<group>"; };
/* End PBXFileReference section */

/* Begin PBXFrameworksBuildPhase section */
		C8984D8B2209D9BD0019B2CB /* Frameworks */ = {
			isa = PBXFrameworksBuildPhase;
			buildActionMask = 2147483647;
			files = (
			);
			runOnlyForDeploymentPostprocessing = 0;
		};
/* End PBXFrameworksBuildPhase section */

/* Begin PBXGroup section */
		C8984D852209D9BD0019B2CB = {
			isa = PBXGroup;
			children = (
				C8984D902209D9BD0019B2CB /* HotelManzana */,
				C8984D8F2209D9BD0019B2CB /* Products */,
			);
			sourceTree = "<group>";
		};
		C8984D8F2209D9BD0019B2CB /* Products */ = {
			isa = PBXGroup;
			children = (
				C8984D8E2209D9BD0019B2CB /* HotelManzana.app */,
			);
			name = Products;
			sourceTree = "<group>";
		};
		C8984D902209D9BD0019B2CB /* HotelManzana */ = {
			isa = PBXGroup;
			children = (
				C8984D912209D9BD0019B2CB /* AppDelegate.swift */,
				C8984DAD220A24110019B2CB /* View */,
				C8984DAC220A23E90019B2CB /* Controller */,
				C8984DAB220A23CF0019B2CB /* Model */,
				C8984D982209D9BF0019B2CB /* Assets.xcassets */,
				C8984D9A2209D9BF0019B2CB /* LaunchScreen.storyboard */,
				C8984D9D2209D9BF0019B2CB /* Info.plist */,
			);
			path = HotelManzana;
			sourceTree = "<group>";
		};
		C8984DAB220A23CF0019B2CB /* Model */ = {
			isa = PBXGroup;
			children = (
				C8984DA32209DBDD0019B2CB /* Registration.swift */,
			);
			path = Model;
			sourceTree = "<group>";
		};
		C8984DAC220A23E90019B2CB /* Controller */ = {
			isa = PBXGroup;
			children = (
				C8984DA9220A23B50019B2CB /* RoomTableViewController.swift */,
				C8984DA72209EBAC0019B2CB /* RegistrationTableViewController.swift */,
			);
			path = Controller;
			sourceTree = "<group>";
		};
		C8984DAD220A24110019B2CB /* View */ = {
			isa = PBXGroup;
			children = (
				C8984D952209D9BD0019B2CB /* Main.storyboard */,
				C8984DB0220A260F0019B2CB /* TableViewCellRoomTableViewCell.swift */,
			);
			path = View;
			sourceTree = "<group>";
		};
/* End PBXGroup section */

/* Begin PBXNativeTarget section */
		C8984D8D2209D9BD0019B2CB /* HotelManzana */ = {
			isa = PBXNativeTarget;
			buildConfigurationList = C8984DA02209D9BF0019B2CB /* Build configuration list for PBXNativeTarget "HotelManzana" */;
			buildPhases = (
				C8984D8A2209D9BD0019B2CB /* Sources */,
				C8984D8B2209D9BD0019B2CB /* Frameworks */,
				C8984D8C2209D9BD0019B2CB /* Resources */,
			);
			buildRules = (
			);
			dependencies = (
			);
			name = HotelManzana;
			productName = HotelManzana;
			productReference = C8984D8E2209D9BD0019B2CB /* HotelManzana.app */;
			productType = "com.apple.product-type.application";
		};
/* End PBXNativeTarget section */

/* Begin PBXProject section */
		C8984D862209D9BD0019B2CB /* Project object */ = {
			isa = PBXProject;
			attributes = {
				LastSwiftUpdateCheck = 1010;
				LastUpgradeCheck = 1010;
				ORGANIZATIONNAME = "Alexey Drumlevich";
				TargetAttributes = {
					C8984D8D2209D9BD0019B2CB = {
						CreatedOnToolsVersion = 10.1;
					};
				};
			};
			buildConfigurationList = C8984D892209D9BD0019B2CB /* Build configuration list for PBXProject "HotelManzana" */;
			compatibilityVersion = "Xcode 9.3";
			developmentRegion = en;
			hasScannedForEncodings = 0;
			knownRegions = (
				en,
				Base,
			);
			mainGroup = C8984D852209D9BD0019B2CB;
			productRefGroup = C8984D8F2209D9BD0019B2CB /* Products */;
			projectDirPath = "";
			projectRoot = "";
			targets = (
				C8984D8D2209D9BD0019B2CB /* HotelManzana */,
			);
		};
/* End PBXProject section */

/* Begin PBXResourcesBuildPhase section */
		C8984D8C2209D9BD0019B2CB /* Resources */ = {
			isa = PBXResourcesBuildPhase;
			buildActionMask = 2147483647;
			files = (
				C8984D9C2209D9BF0019B2CB /* LaunchScreen.storyboard in Resources */,
				C8984D992209D9BF0019B2CB /* Assets.xcassets in Resources */,
				C8984D972209D9BD0019B2CB /* Main.storyboard in Resources */,
			);
			runOnlyForDeploymentPostprocessing = 0;
		};
/* End PBXResourcesBuildPhase section */

/* Begin PBXSourcesBuildPhase section */
		C8984D8A2209D9BD0019B2CB /* Sources */ = {
			isa = PBXSourcesBuildPhase;
			buildActionMask = 2147483647;
			files = (
				C8984DAA220A23B50019B2CB /* RoomTableViewController.swift in Sources */,
				C8984DA42209DBDD0019B2CB /* Registration.swift in Sources */,
				C8984DA82209EBAC0019B2CB /* RegistrationTableViewController.swift in Sources */,
				C8984D922209D9BD0019B2CB /* AppDelegate.swift in Sources */,
				C8984DB1220A260F0019B2CB /* TableViewCellRoomTableViewCell.swift in Sources */,
			);
			runOnlyForDeploymentPostprocessing = 0;
		};
/* End PBXSourcesBuildPhase section */

/* Begin PBXVariantGroup section */
		C8984D952209D9BD0019B2CB /* Main.storyboard */ = {
			isa = PBXVariantGroup;
			children = (
				C8984D962209D9BD0019B2CB /* Base */,
			);
			name = Main.storyboard;
			sourceTree = "<group>";
		};
		C8984D9A2209D9BF0019B2CB /* LaunchScreen.storyboard */ = {
			isa = PBXVariantGroup;
			children = (
				C8984D9B2209D9BF0019B2CB /* Base */,
			);
			name = LaunchScreen.storyboard;
			sourceTree = "<group>";
		};
/* End PBXVariantGroup section */

/* Begin XCBuildConfiguration section */
		C8984D9E2209D9BF0019B2CB /* Debug */ = {
			isa = XCBuildConfiguration;
			buildSettings = {
				ALWAYS_SEARCH_USER_PATHS = NO;
				CLANG_ANALYZER_NONNULL = YES;
				CLANG_ANALYZER_NUMBER_OBJECT_CONVERSION = YES_AGGRESSIVE;
				CLANG_CXX_LANGUAGE_STANDARD = "gnu++14";
				CLANG_CXX_LIBRARY = "libc++";
				CLANG_ENABLE_MODULES = YES;
				CLANG_ENABLE_OBJC_ARC = YES;
				CLANG_ENABLE_OBJC_WEAK = YES;
				CLANG_WARN_BLOCK_CAPTURE_AUTORELEASING = YES;
				CLANG_WARN_BOOL_CONVERSION = YES;
				CLANG_WARN_COMMA = YES;
				CLANG_WARN_CONSTANT_CONVERSION = YES;
				CLANG_WARN_DEPRECATED_OBJC_IMPLEMENTATIONS = YES;
				CLANG_WARN_DIRECT_OBJC_ISA_USAGE = YES_ERROR;
				CLANG_WARN_DOCUMENTATION_COMMENTS = YES;
				CLANG_WARN_EMPTY_BODY = YES;
				CLANG_WARN_ENUM_CONVERSION = YES;
				CLANG_WARN_INFINITE_RECURSION = YES;
				CLANG_WARN_INT_CONVERSION = YES;
				CLANG_WARN_NON_LITERAL_NULL_CONVERSION = YES;
				CLANG_WARN_OBJC_IMPLICIT_RETAIN_SELF = YES;
				CLANG_WARN_OBJC_LITERAL_CONVERSION = YES;
				CLANG_WARN_OBJC_ROOT_CLASS = YES_ERROR;
				CLANG_WARN_RANGE_LOOP_ANALYSIS = YES;
				CLANG_WARN_STRICT_PROTOTYPES = YES;
				CLANG_WARN_SUSPICIOUS_MOVE = YES;
				CLANG_WARN_UNGUARDED_AVAILABILITY = YES_AGGRESSIVE;
				CLANG_WARN_UNREACHABLE_CODE = YES;
				CLANG_WARN__DUPLICATE_METHOD_MATCH = YES;
				CODE_SIGN_IDENTITY = "iPhone Developer";
				COPY_PHASE_STRIP = NO;
				DEBUG_INFORMATION_FORMAT = dwarf;
				ENABLE_STRICT_OBJC_MSGSEND = YES;
				ENABLE_TESTABILITY = YES;
				GCC_C_LANGUAGE_STANDARD = gnu11;
				GCC_DYNAMIC_NO_PIC = NO;
				GCC_NO_COMMON_BLOCKS = YES;
				GCC_OPTIMIZATION_LEVEL = 0;
				GCC_PREPROCESSOR_DEFINITIONS = (
					"DEBUG=1",
					"$(inherited)",
				);
				GCC_WARN_64_TO_32_BIT_CONVERSION = YES;
				GCC_WARN_ABOUT_RETURN_TYPE = YES_ERROR;
				GCC_WARN_UNDECLARED_SELECTOR = YES;
				GCC_WARN_UNINITIALIZED_AUTOS = YES_AGGRESSIVE;
				GCC_WARN_UNUSED_FUNCTION = YES;
				GCC_WARN_UNUSED_VARIABLE = YES;
				IPHONEOS_DEPLOYMENT_TARGET = 12.1;
				MTL_ENABLE_DEBUG_INFO = INCLUDE_SOURCE;
				MTL_FAST_MATH = YES;
				ONLY_ACTIVE_ARCH = YES;
				SDKROOT = iphoneos;
				SWIFT_ACTIVE_COMPILATION_CONDITIONS = DEBUG;
				SWIFT_OPTIMIZATION_LEVEL = "-Onone";
			};
			name = Debug;
		};
		C8984D9F2209D9BF0019B2CB /* Release */ = {
			isa = XCBuildConfiguration;
			buildSettings = {
				ALWAYS_SEARCH_USER_PATHS = NO;
				CLANG_ANALYZER_NONNULL = YES;
				CLANG_ANALYZER_NUMBER_OBJECT_CONVERSION = YES_AGGRESSIVE;
				CLANG_CXX_LANGUAGE_STANDARD = "gnu++14";
				CLANG_CXX_LIBRARY = "libc++";
				CLANG_ENABLE_MODULES = YES;
				CLANG_ENABLE_OBJC_ARC = YES;
				CLANG_ENABLE_OBJC_WEAK = YES;
				CLANG_WARN_BLOCK_CAPTURE_AUTORELEASING = YES;
				CLANG_WARN_BOOL_CONVERSION = YES;
				CLANG_WARN_COMMA = YES;
				CLANG_WARN_CONSTANT_CONVERSION = YES;
				CLANG_WARN_DEPRECATED_OBJC_IMPLEMENTATIONS = YES;
				CLANG_WARN_DIRECT_OBJC_ISA_USAGE = YES_ERROR;
				CLANG_WARN_DOCUMENTATION_COMMENTS = YES;
				CLANG_WARN_EMPTY_BODY = YES;
				CLANG_WARN_ENUM_CONVERSION = YES;
				CLANG_WARN_INFINITE_RECURSION = YES;
				CLANG_WARN_INT_CONVERSION = YES;
				CLANG_WARN_NON_LITERAL_NULL_CONVERSION = YES;
				CLANG_WARN_OBJC_IMPLICIT_RETAIN_SELF = YES;
				CLANG_WARN_OBJC_LITERAL_CONVERSION = YES;
				CLANG_WARN_OBJC_ROOT_CLASS = YES_ERROR;
				CLANG_WARN_RANGE_LOOP_ANALYSIS = YES;
				CLANG_WARN_STRICT_PROTOTYPES = YES;
				CLANG_WARN_SUSPICIOUS_MOVE = YES;
				CLANG_WARN_UNGUARDED_AVAILABILITY = YES_AGGRESSIVE;
				CLANG_WARN_UNREACHABLE_CODE = YES;
				CLANG_WARN__DUPLICATE_METHOD_MATCH = YES;
				CODE_SIGN_IDENTITY = "iPhone Developer";
				COPY_PHASE_STRIP = NO;
				DEBUG_INFORMATION_FORMAT = "dwarf-with-dsym";
				ENABLE_NS_ASSERTIONS = NO;
				ENABLE_STRICT_OBJC_MSGSEND = YES;
				GCC_C_LANGUAGE_STANDARD = gnu11;
				GCC_NO_COMMON_BLOCKS = YES;
				GCC_WARN_64_TO_32_BIT_CONVERSION = YES;
				GCC_WARN_ABOUT_RETURN_TYPE = YES_ERROR;
				GCC_WARN_UNDECLARED_SELECTOR = YES;
				GCC_WARN_UNINITIALIZED_AUTOS = YES_AGGRESSIVE;
				GCC_WARN_UNUSED_FUNCTION = YES;
				GCC_WARN_UNUSED_VARIABLE = YES;
				IPHONEOS_DEPLOYMENT_TARGET = 12.1;
				MTL_ENABLE_DEBUG_INFO = NO;
				MTL_FAST_MATH = YES;
				SDKROOT = iphoneos;
				SWIFT_COMPILATION_MODE = wholemodule;
				SWIFT_OPTIMIZATION_LEVEL = "-O";
				VALIDATE_PRODUCT = YES;
			};
			name = Release;
		};
		C8984DA12209D9BF0019B2CB /* Debug */ = {
			isa = XCBuildConfiguration;
			buildSettings = {
				ASSETCATALOG_COMPILER_APPICON_NAME = AppIcon;
				CODE_SIGN_STYLE = Automatic;
				DEVELOPMENT_TEAM = 457AUZSV22;
				INFOPLIST_FILE = HotelManzana/Info.plist;
				LD_RUNPATH_SEARCH_PATHS = (
					"$(inherited)",
					"@executable_path/Frameworks",
				);
				PRODUCT_BUNDLE_IDENTIFIER = "Alexey-D..HotelManzana";
				PRODUCT_NAME = "$(TARGET_NAME)";
				SWIFT_VERSION = 4.2;
				TARGETED_DEVICE_FAMILY = "1,2";
			};
			name = Debug;
		};
		C8984DA22209D9BF0019B2CB /* Release */ = {
			isa = XCBuildConfiguration;
			buildSettings = {
				ASSETCATALOG_COMPILER_APPICON_NAME = AppIcon;
				CODE_SIGN_STYLE = Automatic;
				DEVELOPMENT_TEAM = 457AUZSV22;
				INFOPLIST_FILE = HotelManzana/Info.plist;
				LD_RUNPATH_SEARCH_PATHS = (
					"$(inherited)",
					"@executable_path/Frameworks",
				);
				PRODUCT_BUNDLE_IDENTIFIER = "Alexey-D..HotelManzana";
				PRODUCT_NAME = "$(TARGET_NAME)";
				SWIFT_VERSION = 4.2;
				TARGETED_DEVICE_FAMILY = "1,2";
			};
			name = Release;
		};
/* End XCBuildConfiguration section */

/* Begin XCConfigurationList section */
		C8984D892209D9BD0019B2CB /* Build configuration list for PBXProject "HotelManzana" */ = {
			isa = XCConfigurationList;
			buildConfigurations = (
				C8984D9E2209D9BF0019B2CB /* Debug */,
				C8984D9F2209D9BF0019B2CB /* Release */,
			);
			defaultConfigurationIsVisible = 0;
			defaultConfigurationName = Release;
		};
		C8984DA02209D9BF0019B2CB /* Build configuration list for PBXNativeTarget "HotelManzana" */ = {
			isa = XCConfigurationList;
			buildConfigurations = (
				C8984DA12209D9BF0019B2CB /* Debug */,
				C8984DA22209D9BF0019B2CB /* Release */,
			);
			defaultConfigurationIsVisible = 0;
			defaultConfigurationName = Release;
		};
/* End XCConfigurationList section */
	};
	rootObject = C8984D862209D9BD0019B2CB /* Project object */;
}
